
Microsoft Visual Studio Solution File, Format Version 12.00
# Visual Studio Version 16
VisualStudioVersion = 16.0.31624.102
MinimumVisualStudioVersion = 10.0.40219.1
Project("{FAE04EC0-301F-11D3-BF4B-00C04F79EFBC}") = "QLSV", "QLSV\QLSV.csproj", "{A44A58B1-6123-424A-9E25-99539F71F3DD}"
EndProject
Global
	GlobalSection(SolutionConfigurationPlatforms) = preSolution
		Debug|Any CPU = Debug|Any CPU
		Release|Any CPU = Release|Any CPU
	EndGlobalSection
	GlobalSection(ProjectConfigurationPlatforms) = postSolution
		{A44A58B1-6123-424A-9E25-99539F71F3DD}.Debug|Any CPU.ActiveCfg = Debug|Any CPU
		{A44A58B1-6123-424A-9E25-99539F71F3DD}.Debug|Any CPU.Build.0 = Debug|Any CPU
		{A44A58B1-6123-424A-9E25-99539F71F3DD}.Release|Any CPU.ActiveCfg = Release|Any CPU
		{A44A58B1-6123-424A-9E25-99539F71F3DD}.Release|Any CPU.Build.0 = Release|Any CPU
	EndGlobalSection
	GlobalSection(SolutionProperties) = preSolution
		HideSolutionNode = FALSE
	EndGlobalSection
	GlobalSection(ExtensibilityGlobals) = postSolution
		SolutionGuid = {19679DA8-D05E-4A84-A877-D6FFDD459259}
	EndGlobalSection
EndGlobal
